
Microsoft Visual Studio Solution File, Format Version 12.00
# Visual Studio Version 16
VisualStudioVersion = 16.0.31424.327
MinimumVisualStudioVersion = 10.0.40219.1
Project("{FAE04EC0-301F-11D3-BF4B-00C04F79EFBC}") = "REST_Api_feb_2022", "REST_Api_feb_2022\REST_Api_feb_2022.csproj", "{C2544D0F-0682-4261-8BF9-DE64020DA1D2}"
EndProject
Global
	GlobalSection(SolutionConfigurationPlatforms) = preSolution
		Debug|Any CPU = Debug|Any CPU
		Release|Any CPU = Release|Any CPU
	EndGlobalSection
	GlobalSection(ProjectConfigurationPlatforms) = postSolution
		{C2544D0F-0682-4261-8BF9-DE64020DA1D2}.Debug|Any CPU.ActiveCfg = Debug|Any CPU
		{C2544D0F-0682-4261-8BF9-DE64020DA1D2}.Debug|Any CPU.Build.0 = Debug|Any CPU
		{C2544D0F-0682-4261-8BF9-DE64020DA1D2}.Release|Any CPU.ActiveCfg = Release|Any CPU
		{C2544D0F-0682-4261-8BF9-DE64020DA1D2}.Release|Any CPU.Build.0 = Release|Any CPU
	EndGlobalSection
	GlobalSection(SolutionProperties) = preSolution
		HideSolutionNode = FALSE
	EndGlobalSection
	GlobalSection(ExtensibilityGlobals) = postSolution
		SolutionGuid = {DE2B8AE3-2B77-4813-A697-3AE982725430}
	EndGlobalSection
EndGlobal
